<?xml version="1.0" encoding="utf-8"?>
<Project ToolsVersion="4.0" xmlns="http://schemas.microsoft.com/developer/msbuild/2003">
  <ItemGroup>
    <Filter Include="Platform">
      <UniqueIdentifier>{2AC788B4-1694-E3BF-3FAD-D1672BD9184E}</UniqueIdentifier>
    </Filter>
    <Filter Include="Platform\OpenGL">
      <UniqueIdentifier>{1E7D2C1D-8A08-9AE1-9319-1DD6FF23F6E1}</UniqueIdentifier>
    </Filter>
    <Filter Include="Platform\Windows">
      <UniqueIdentifier>{64FBD71A-50F4-F66C-7926-DCF1657ED678}</UniqueIdentifier>
    </Filter>
    <Filter Include="Rev">
      <UniqueIdentifier>{321D880B-9E26-887C-27A2-9E7C93AA937C}</UniqueIdentifier>
    </Filter>
    <Filter Include="Rev\Events">
      <UniqueIdentifier>{D6BCF627-C274-3875-2B7C-11D11753D365}</UniqueIdentifier>
    </Filter>
    <Filter Include="Rev\ImGui">
      <UniqueIdentifier>{DC2F5266-489A-06DD-91D8-B782FD81E431}</UniqueIdentifier>
    </Filter>
  </ItemGroup>
  <ItemGroup>
    <ClInclude Include="src\Platform\OpenGL\ImGuiOpenGLRenderer.h">
      <Filter>Platform\OpenGL</Filter>
    </ClInclude>
    <ClInclude Include="src\Platform\OpenGL\ImGuiOpenGLRendererLoader.h">
      <Filter>Platform\OpenGL</Filter>
    </ClInclude>
    <ClInclude Include="src\Platform\Windows\WindowsWindow.h">
      <Filter>Platform\Windows</Filter>
    </ClInclude>
    <ClInclude Include="src\Rev.h" />
    <ClInclude Include="src\Rev\Application.h">
      <Filter>Rev</Filter>
    </ClInclude>
    <ClInclude Include="src\Rev\Core.h">
      <Filter>Rev</Filter>
    </ClInclude>
    <ClInclude Include="src\Rev\EntryPoint.h">
      <Filter>Rev</Filter>
    </ClInclude>
    <ClInclude Include="src\Rev\Events\ApplicationEvent.h">
      <Filter>Rev\Events</Filter>
    </ClInclude>
    <ClInclude Include="src\Rev\Events\Event.h">
      <Filter>Rev\Events</Filter>
    </ClInclude>
    <ClInclude Include="src\Rev\Events\KeyEvent.h">
      <Filter>Rev\Events</Filter>
    </ClInclude>
    <ClInclude Include="src\Rev\Events\MouseEvent.h">
      <Filter>Rev\Events</Filter>
    </ClInclude>
    <ClInclude Include="src\Rev\ImGui\ImGuiLayer.h">
      <Filter>Rev\ImGui</Filter>
    </ClInclude>
    <ClInclude Include="src\Rev\Layer.h">
      <Filter>Rev</Filter>
    </ClInclude>
    <ClInclude Include="src\Rev\LayerStack.h">
      <Filter>Rev</Filter>
    </ClInclude>
    <ClInclude Include="src\Rev\Log.h">
      <Filter>Rev</Filter>
    </ClInclude>
    <ClInclude Include="src\Rev\Window.h">
      <Filter>Rev</Filter>
    </ClInclude>
    <ClInclude Include="src\revpch.h" />
  </ItemGroup>
  <ItemGroup>
    <ClCompile Include="src\Platform\OpenGL\ImGuiOpenGLRenderer.cpp">
      <Filter>Platform\OpenGL</Filter>
    </ClCompile>
    <ClCompile Include="src\Platform\Windows\WindowsWindow.cpp">
      <Filter>Platform\Windows</Filter>
    </ClCompile>
    <ClCompile Include="src\Rev\Application.cpp">
      <Filter>Rev</Filter>
    </ClCompile>
    <ClCompile Include="src\Rev\ImGui\ImGuiLayer.cpp">
      <Filter>Rev\ImGui</Filter>
    </ClCompile>
    <ClCompile Include="src\Rev\Layer.cpp">
      <Filter>Rev</Filter>
    </ClCompile>
    <ClCompile Include="src\Rev\LayerStack.cpp">
      <Filter>Rev</Filter>
    </ClCompile>
    <ClCompile Include="src\Rev\Log.cpp">
      <Filter>Rev</Filter>
    </ClCompile>
    <ClCompile Include="src\revpch.cpp" />
  </ItemGroup>
</Project>