<?xml version="1.0" encoding="utf-8"?>
<Project ToolsVersion="4.0" xmlns="http://schemas.microsoft.com/developer/msbuild/2003">
  <ItemGroup>
    <Filter Include="Rev">
      <UniqueIdentifier>{321D880B-9E26-887C-27A2-9E7C93AA937C}</UniqueIdentifier>
    </Filter>
  </ItemGroup>
  <ItemGroup>
    <ClInclude Include="src\Rev.h" />
    <ClInclude Include="src\Rev\Application.h">
      <Filter>Rev</Filter>
    </ClInclude>
    <ClInclude Include="src\Rev\Core.h">
      <Filter>Rev</Filter>
    </ClInclude>
    <ClInclude Include="src\Rev\EntryPoint.h">
      <Filter>Rev</Filter>
    </ClInclude>
    <ClInclude Include="src\Rev\Log.h">
      <Filter>Rev</Filter>
    </ClInclude>
  </ItemGroup>
  <ItemGroup>
    <ClCompile Include="src\Rev\Application.cpp">
      <Filter>Rev</Filter>
    </ClCompile>
    <ClCompile Include="src\Rev\Log.cpp">
      <Filter>Rev</Filter>
    </ClCompile>
  </ItemGroup>
</Project>